
Microsoft Visual Studio Solution File, Format Version 11.00
# Visual Studio 2010
Project("{FAE04EC0-301F-11D3-BF4B-00C04F79EFBC}") = "BALLS GO", "Assembly-CSharp.csproj", "{BBBEA244-46A1-C968-5A01-FE83AD981036}"
EndProject
Project("{FAE04EC0-301F-11D3-BF4B-00C04F79EFBC}") = "BALLS GO", "Assembly-CSharp-Editor.csproj", "{5388C017-B693-7F8C-9730-3FDDBFA2A433}"
EndProject
Global
	GlobalSection(SolutionConfigurationPlatforms) = preSolution
		Debug|Any CPU = Debug|Any CPU
		Release|Any CPU = Release|Any CPU
	EndGlobalSection
	GlobalSection(ProjectConfigurationPlatforms) = postSolution
		{BBBEA244-46A1-C968-5A01-FE83AD981036}.Debug|Any CPU.ActiveCfg = Debug|Any CPU
		{BBBEA244-46A1-C968-5A01-FE83AD981036}.Debug|Any CPU.Build.0 = Debug|Any CPU
		{BBBEA244-46A1-C968-5A01-FE83AD981036}.Release|Any CPU.ActiveCfg = Release|Any CPU
		{BBBEA244-46A1-C968-5A01-FE83AD981036}.Release|Any CPU.Build.0 = Release|Any CPU
		{5388C017-B693-7F8C-9730-3FDDBFA2A433}.Debug|Any CPU.ActiveCfg = Debug|Any CPU
		{5388C017-B693-7F8C-9730-3FDDBFA2A433}.Debug|Any CPU.Build.0 = Debug|Any CPU
		{5388C017-B693-7F8C-9730-3FDDBFA2A433}.Release|Any CPU.ActiveCfg = Release|Any CPU
		{5388C017-B693-7F8C-9730-3FDDBFA2A433}.Release|Any CPU.Build.0 = Release|Any CPU
	EndGlobalSection
	GlobalSection(SolutionProperties) = preSolution
		HideSolutionNode = FALSE
	EndGlobalSection
	GlobalSection(MonoDevelopProperties) = preSolution
		StartupItem = Assembly-CSharp.csproj
	EndGlobalSection
EndGlobal
